github.com/ije/esbuild-internal v0.14.36 h1:f2IlMBbvxHqEdvC2HtZX2wiMFrOCpAipQ4QPeSErlRE=
github.com/ije/esbuild-internal v0.14.36/go.mod h1:paqI0GelgFJuqXN+J+RdZpzSqIChn1tT/MZTpZowxm8=
github.com/mattn/go-zglob v0.0.3 h1:6Ry4EYsScDyt5di4OI6xw1bYhOqfE5S33Z1OPy+d+To=
github.com/mattn/go-zglob v0.0.3/go.mod h1:9fxibJccNxU2cnpIKLRRFA7zX7qhkJIQWBb449FYHOo=
golang.org/x/sys v0.0.0-20210908233432-aa78b53d3365 h1:6wSTsvPddg9gc/mVEEyk9oOAoxn+bT4Z9q1zx+4RwA4=
golang.org/x/sys v0.0.0-20210908233432-aa78b53d3365/go.mod h1:oPkhp1MJrh7nUepCBck5+mAzfO9JrbApNNgaTdGDITg=
